// !$*UTF8*$!
{
	archiveVersion = 1;
	classes = {
	};
	objectVersion = 46;
	objects = {

/* Begin PBXBuildFile section */
		343DB4D219FEA10000D8B506 /* main.m in Sources */ = {isa = PBXBuildFile; fileRef = 343DB4D119FEA10000D8B506 /* main.m */; };
		343DB4D519FEA10000D8B506 /* AppDelegate.m in Sources */ = {isa = PBXBuildFile; fileRef = 343DB4D419FEA10000D8B506 /* AppDelegate.m */; };
		343DB4D819FEA10000D8B506 /* PersonViewController.m in Sources */ = {isa = PBXBuildFile; fileRef = 343DB4D719FEA10000D8B506 /* PersonViewController.m */; };
		343DB4DB19FEA10000D8B506 /* Main.storyboard in Resources */ = {isa = PBXBuildFile; fileRef = 343DB4D919FEA10000D8B506 /* Main.storyboard */; };
		343DB4DD19FEA10000D8B506 /* Images.xcassets in Resources */ = {isa = PBXBuildFile; fileRef = 343DB4DC19FEA10000D8B506 /* Images.xcassets */; };
		343DB4E019FEA10000D8B506 /* LaunchScreen.xib in Resources */ = {isa = PBXBuildFile; fileRef = 343DB4DE19FEA10000D8B506 /* LaunchScreen.xib */; };
		343DB4EC19FEA10000D8B506 /* ParseExampleTests.m in Sources */ = {isa = PBXBuildFile; fileRef = 343DB4EB19FEA10000D8B506 /* ParseExampleTests.m */; };
		343DB4F619FEA19B00D8B506 /* Parse.framework in Frameworks */ = {isa = PBXBuildFile; fileRef = 343DB4F519FEA19B00D8B506 /* Parse.framework */; };
		343DB50119FEA1E900D8B506 /* AudioToolbox.framework in Frameworks */ = {isa = PBXBuildFile; fileRef = 343DB4F719FEA1E900D8B506 /* AudioToolbox.framework */; };
		343DB50219FEA1E900D8B506 /* CFNetwork.framework in Frameworks */ = {isa = PBXBuildFile; fileRef = 343DB4F819FEA1E900D8B506 /* CFNetwork.framework */; };
		343DB50319FEA1E900D8B506 /* CoreGraphics.framework in Frameworks */ = {isa = PBXBuildFile; fileRef = 343DB4F919FEA1E900D8B506 /* CoreGraphics.framework */; };
		343DB50419FEA1E900D8B506 /* CoreLocation.framework in Frameworks */ = {isa = PBXBuildFile; fileRef = 343DB4FA19FEA1E900D8B506 /* CoreLocation.framework */; };
		343DB50519FEA1E900D8B506 /* libz.dylib in Frameworks */ = {isa = PBXBuildFile; fileRef = 343DB4FB19FEA1E900D8B506 /* libz.dylib */; };
		343DB50619FEA1E900D8B506 /* MobileCoreServices.framework in Frameworks */ = {isa = PBXBuildFile; fileRef = 343DB4FC19FEA1E900D8B506 /* MobileCoreServices.framework */; };
		343DB50719FEA1E900D8B506 /* QuartzCore.framework in Frameworks */ = {isa = PBXBuildFile; fileRef = 343DB4FD19FEA1E900D8B506 /* QuartzCore.framework */; };
		343DB50819FEA1E900D8B506 /* Security.framework in Frameworks */ = {isa = PBXBuildFile; fileRef = 343DB4FE19FEA1E900D8B506 /* Security.framework */; };
		343DB50919FEA1E900D8B506 /* StoreKit.framework in Frameworks */ = {isa = PBXBuildFile; fileRef = 343DB4FF19FEA1E900D8B506 /* StoreKit.framework */; };
		343DB50A19FEA1E900D8B506 /* SystemConfiguration.framework in Frameworks */ = {isa = PBXBuildFile; fileRef = 343DB50019FEA1E900D8B506 /* SystemConfiguration.framework */; };
		343DB50C19FEA4C000D8B506 /* Parse.framework in Frameworks */ = {isa = PBXBuildFile; fileRef = 343DB50B19FEA4C000D8B506 /* Parse.framework */; };
		343DB50E19FEA4ED00D8B506 /* Bolts.framework in Frameworks */ = {isa = PBXBuildFile; fileRef = 343DB50D19FEA4ED00D8B506 /* Bolts.framework */; };
/* End PBXBuildFile section */

/* Begin PBXContainerItemProxy section */
		343DB4E619FEA10000D8B506 /* PBXContainerItemProxy */ = {
			isa = PBXContainerItemProxy;
			containerPortal = 343DB4C419FEA10000D8B506 /* Project object */;
			proxyType = 1;
			remoteGlobalIDString = 343DB4CB19FEA10000D8B506;
			remoteInfo = ParseExample;
		};
/* End PBXContainerItemProxy section */

/* Begin PBXFileReference section */
		343DB4CC19FEA10000D8B506 /* ParseExample.app */ = {isa = PBXFileReference; explicitFileType = wrapper.application; includeInIndex = 0; path = ParseExample.app; sourceTree = BUILT_PRODUCTS_DIR; };
		343DB4D019FEA10000D8B506 /* Info.plist */ = {isa = PBXFileReference; lastKnownFileType = text.plist.xml; path = Info.plist; sourceTree = "<group>"; };
		343DB4D119FEA10000D8B506 /* main.m */ = {isa = PBXFileReference; lastKnownFileType = sourcecode.c.objc; path = main.m; sourceTree = "<group>"; };
		343DB4D319FEA10000D8B506 /* AppDelegate.h */ = {isa = PBXFileReference; lastKnownFileType = sourcecode.c.h; path = AppDelegate.h; sourceTree = "<group>"; };
		343DB4D419FEA10000D8B506 /* AppDelegate.m */ = {isa = PBXFileReference; lastKnownFileType = sourcecode.c.objc; path = AppDelegate.m; sourceTree = "<group>"; };
		343DB4D619FEA10000D8B506 /* PersonViewController.h */ = {isa = PBXFileReference; lastKnownFileType = sourcecode.c.h; path = PersonViewController.h; sourceTree = "<group>"; };
		343DB4D719FEA10000D8B506 /* PersonViewController.m */ = {isa = PBXFileReference; lastKnownFileType = sourcecode.c.objc; path = PersonViewController.m; sourceTree = "<group>"; };
		343DB4DA19FEA10000D8B506 /* Base */ = {isa = PBXFileReference; lastKnownFileType = file.storyboard; name = Base; path = Base.lproj/Main.storyboard; sourceTree = "<group>"; };
		343DB4DC19FEA10000D8B506 /* Images.xcassets */ = {isa = PBXFileReference; lastKnownFileType = folder.assetcatalog; path = Images.xcassets; sourceTree = "<group>"; };
		343DB4DF19FEA10000D8B506 /* Base */ = {isa = PBXFileReference; lastKnownFileType = file.xib; name = Base; path = Base.lproj/LaunchScreen.xib; sourceTree = "<group>"; };
		343DB4E519FEA10000D8B506 /* ParseExampleTests.xctest */ = {isa = PBXFileReference; explicitFileType = wrapper.cfbundle; includeInIndex = 0; path = ParseExampleTests.xctest; sourceTree = BUILT_PRODUCTS_DIR; };
		343DB4EA19FEA10000D8B506 /* Info.plist */ = {isa = PBXFileReference; lastKnownFileType = text.plist.xml; path = Info.plist; sourceTree = "<group>"; };
		343DB4EB19FEA10000D8B506 /* ParseExampleTests.m */ = {isa = PBXFileReference; lastKnownFileType = sourcecode.c.objc; path = ParseExampleTests.m; sourceTree = "<group>"; };
		343DB4F519FEA19B00D8B506 /* Parse.framework */ = {isa = PBXFileReference; lastKnownFileType = wrapper.framework; path = Parse.framework; sourceTree = "<group>"; };
		343DB4F719FEA1E900D8B506 /* AudioToolbox.framework */ = {isa = PBXFileReference; lastKnownFileType = wrapper.framework; name = AudioToolbox.framework; path = System/Library/Frameworks/AudioToolbox.framework; sourceTree = SDKROOT; };
		343DB4F819FEA1E900D8B506 /* CFNetwork.framework */ = {isa = PBXFileReference; lastKnownFileType = wrapper.framework; name = CFNetwork.framework; path = System/Library/Frameworks/CFNetwork.framework; sourceTree = SDKROOT; };
		343DB4F919FEA1E900D8B506 /* CoreGraphics.framework */ = {isa = PBXFileReference; lastKnownFileType = wrapper.framework; name = CoreGraphics.framework; path = System/Library/Frameworks/CoreGraphics.framework; sourceTree = SDKROOT; };
		343DB4FA19FEA1E900D8B506 /* CoreLocation.framework */ = {isa = PBXFileReference; lastKnownFileType = wrapper.framework; name = CoreLocation.framework; path = System/Library/Frameworks/CoreLocation.framework; sourceTree = SDKROOT; };
		343DB4FB19FEA1E900D8B506 /* libz.dylib */ = {isa = PBXFileReference; lastKnownFileType = "compiled.mach-o.dylib"; name = libz.dylib; path = usr/lib/libz.dylib; sourceTree = SDKROOT; };
		343DB4FC19FEA1E900D8B506 /* MobileCoreServices.framework */ = {isa = PBXFileReference; lastKnownFileType = wrapper.framework; name = MobileCoreServices.framework; path = System/Library/Frameworks/MobileCoreServices.framework; sourceTree = SDKROOT; };
		343DB4FD19FEA1E900D8B506 /* QuartzCore.framework */ = {isa = PBXFileReference; lastKnownFileType = wrapper.framework; name = QuartzCore.framework; path = System/Library/Frameworks/QuartzCore.framework; sourceTree = SDKROOT; };
		343DB4FE19FEA1E900D8B506 /* Security.framework */ = {isa = PBXFileReference; lastKnownFileType = wrapper.framework; name = Security.framework; path = System/Library/Frameworks/Security.framework; sourceTree = SDKROOT; };
		343DB4FF19FEA1E900D8B506 /* StoreKit.framework */ = {isa = PBXFileReference; lastKnownFileType = wrapper.framework; name = StoreKit.framework; path = System/Library/Frameworks/StoreKit.framework; sourceTree = SDKROOT; };
		343DB50019FEA1E900D8B506 /* SystemConfiguration.framework */ = {isa = PBXFileReference; lastKnownFileType = wrapper.framework; name = SystemConfiguration.framework; path = System/Library/Frameworks/SystemConfiguration.framework; sourceTree = SDKROOT; };
		343DB50B19FEA4C000D8B506 /* Parse.framework */ = {isa = PBXFileReference; lastKnownFileType = wrapper.framework; path = Parse.framework; sourceTree = "<group>"; };
		343DB50D19FEA4ED00D8B506 /* Bolts.framework */ = {isa = PBXFileReference; lastKnownFileType = wrapper.framework; path = Bolts.framework; sourceTree = "<group>"; };
/* End PBXFileReference section */

/* Begin PBXFrameworksBuildPhase section */
		343DB4C919FEA10000D8B506 /* Frameworks */ = {
			isa = PBXFrameworksBuildPhase;
			buildActionMask = 2147483647;
			files = (
				343DB50119FEA1E900D8B506 /* AudioToolbox.framework in Frameworks */,
				343DB50219FEA1E900D8B506 /* CFNetwork.framework in Frameworks */,
				343DB50319FEA1E900D8B506 /* CoreGraphics.framework in Frameworks */,
				343DB50419FEA1E900D8B506 /* CoreLocation.framework in Frameworks */,
				343DB50519FEA1E900D8B506 /* libz.dylib in Frameworks */,
				343DB50619FEA1E900D8B506 /* MobileCoreServices.framework in Frameworks */,
				343DB50719FEA1E900D8B506 /* QuartzCore.framework in Frameworks */,
				343DB50E19FEA4ED00D8B506 /* Bolts.framework in Frameworks */,
				343DB50819FEA1E900D8B506 /* Security.framework in Frameworks */,
				343DB50919FEA1E900D8B506 /* StoreKit.framework in Frameworks */,
				343DB50A19FEA1E900D8B506 /* SystemConfiguration.framework in Frameworks */,
				343DB50C19FEA4C000D8B506 /* Parse.framework in Frameworks */,
				343DB4F619FEA19B00D8B506 /* Parse.framework in Frameworks */,
			);
			runOnlyForDeploymentPostprocessing = 0;
		};
		343DB4E219FEA10000D8B506 /* Frameworks */ = {
			isa = PBXFrameworksBuildPhase;
			buildActionMask = 2147483647;
			files = (
			);
			runOnlyForDeploymentPostprocessing = 0;
		};
/* End PBXFrameworksBuildPhase section */

/* Begin PBXGroup section */
		343DB4C319FEA10000D8B506 = {
			isa = PBXGroup;
			children = (
				343DB4CE19FEA10000D8B506 /* ParseExample */,
				343DB4E819FEA10000D8B506 /* ParseExampleTests */,
				343DB4CD19FEA10000D8B506 /* Products */,
			);
			sourceTree = "<group>";
		};
		343DB4CD19FEA10000D8B506 /* Products */ = {
			isa = PBXGroup;
			children = (
				343DB4CC19FEA10000D8B506 /* ParseExample.app */,
				343DB4E519FEA10000D8B506 /* ParseExampleTests.xctest */,
			);
			name = Products;
			sourceTree = "<group>";
		};
		343DB4CE19FEA10000D8B506 /* ParseExample */ = {
			isa = PBXGroup;
			children = (
				343DB4D319FEA10000D8B506 /* AppDelegate.h */,
				343DB4D419FEA10000D8B506 /* AppDelegate.m */,
				343DB4D619FEA10000D8B506 /* PersonViewController.h */,
				343DB4D719FEA10000D8B506 /* PersonViewController.m */,
				343DB4D919FEA10000D8B506 /* Main.storyboard */,
				343DB4DC19FEA10000D8B506 /* Images.xcassets */,
				343DB4DE19FEA10000D8B506 /* LaunchScreen.xib */,
				343DB4CF19FEA10000D8B506 /* Supporting Files */,
			);
			path = ParseExample;
			sourceTree = "<group>";
		};
		343DB4CF19FEA10000D8B506 /* Supporting Files */ = {
			isa = PBXGroup;
			children = (
				343DB50D19FEA4ED00D8B506 /* Bolts.framework */,
				343DB50B19FEA4C000D8B506 /* Parse.framework */,
				343DB4F719FEA1E900D8B506 /* AudioToolbox.framework */,
				343DB4F819FEA1E900D8B506 /* CFNetwork.framework */,
				343DB4F919FEA1E900D8B506 /* CoreGraphics.framework */,
				343DB4FA19FEA1E900D8B506 /* CoreLocation.framework */,
				343DB4FB19FEA1E900D8B506 /* libz.dylib */,
				343DB4FC19FEA1E900D8B506 /* MobileCoreServices.framework */,
				343DB4FD19FEA1E900D8B506 /* QuartzCore.framework */,
				343DB4FE19FEA1E900D8B506 /* Security.framework */,
				343DB4FF19FEA1E900D8B506 /* StoreKit.framework */,
				343DB50019FEA1E900D8B506 /* SystemConfiguration.framework */,
				343DB4F519FEA19B00D8B506 /* Parse.framework */,
				343DB4D019FEA10000D8B506 /* Info.plist */,
				343DB4D119FEA10000D8B506 /* main.m */,
			);
			name = "Supporting Files";
			sourceTree = "<group>";
		};
		343DB4E819FEA10000D8B506 /* ParseExampleTests */ = {
			isa = PBXGroup;
			children = (
				343DB4EB19FEA10000D8B506 /* ParseExampleTests.m */,
				343DB4E919FEA10000D8B506 /* Supporting Files */,
			);
			path = ParseExampleTests;
			sourceTree = "<group>";
		};
		343DB4E919FEA10000D8B506 /* Supporting Files */ = {
			isa = PBXGroup;
			children = (
				343DB4EA19FEA10000D8B506 /* Info.plist */,
			);
			name = "Supporting Files";
			sourceTree = "<group>";
		};
/* End PBXGroup section */

/* Begin PBXNativeTarget section */
		343DB4CB19FEA10000D8B506 /* ParseExample */ = {
			isa = PBXNativeTarget;
			buildConfigurationList = 343DB4EF19FEA10000D8B506 /* Build configuration list for PBXNativeTarget "ParseExample" */;
			buildPhases = (
				343DB4C819FEA10000D8B506 /* Sources */,
				343DB4C919FEA10000D8B506 /* Frameworks */,
				343DB4CA19FEA10000D8B506 /* Resources */,
			);
			buildRules = (
			);
			dependencies = (
			);
			name = ParseExample;
			productName = ParseExample;
			productReference = 343DB4CC19FEA10000D8B506 /* ParseExample.app */;
			productType = "com.apple.product-type.application";
		};
		343DB4E419FEA10000D8B506 /* ParseExampleTests */ = {
			isa = PBXNativeTarget;
			buildConfigurationList = 343DB4F219FEA10000D8B506 /* Build configuration list for PBXNativeTarget "ParseExampleTests" */;
			buildPhases = (
				343DB4E119FEA10000D8B506 /* Sources */,
				343DB4E219FEA10000D8B506 /* Frameworks */,
				343DB4E319FEA10000D8B506 /* Resources */,
			);
			buildRules = (
			);
			dependencies = (
				343DB4E719FEA10000D8B506 /* PBXTargetDependency */,
			);
			name = ParseExampleTests;
			productName = ParseExampleTests;
			productReference = 343DB4E519FEA10000D8B506 /* ParseExampleTests.xctest */;
			productType = "com.apple.product-type.bundle.unit-test";
		};
/* End PBXNativeTarget section */

/* Begin PBXProject section */
		343DB4C419FEA10000D8B506 /* Project object */ = {
			isa = PBXProject;
			attributes = {
				LastUpgradeCheck = 0610;
				ORGANIZATIONNAME = "Taylor Wright-Sanson";
				TargetAttributes = {
					343DB4CB19FEA10000D8B506 = {
						CreatedOnToolsVersion = 6.1;
					};
					343DB4E419FEA10000D8B506 = {
						CreatedOnToolsVersion = 6.1;
						TestTargetID = 343DB4CB19FEA10000D8B506;
					};
				};
			};
			buildConfigurationList = 343DB4C719FEA10000D8B506 /* Build configuration list for PBXProject "ParseExample" */;
			compatibilityVersion = "Xcode 3.2";
			developmentRegion = English;
			hasScannedForEncodings = 0;
			knownRegions = (
				en,
				Base,
			);
			mainGroup = 343DB4C319FEA10000D8B506;
			productRefGroup = 343DB4CD19FEA10000D8B506 /* Products */;
			projectDirPath = "";
			projectRoot = "";
			targets = (
				343DB4CB19FEA10000D8B506 /* ParseExample */,
				343DB4E419FEA10000D8B506 /* ParseExampleTests */,
			);
		};
/* End PBXProject section */

/* Begin PBXResourcesBuildPhase section */
		343DB4CA19FEA10000D8B506 /* Resources */ = {
			isa = PBXResourcesBuildPhase;
			buildActionMask = 2147483647;
			files = (
				343DB4DB19FEA10000D8B506 /* Main.storyboard in Resources */,
				343DB4E019FEA10000D8B506 /* LaunchScreen.xib in Resources */,
				343DB4DD19FEA10000D8B506 /* Images.xcassets in Resources */,
			);
			runOnlyForDeploymentPostprocessing = 0;
		};
		343DB4E319FEA10000D8B506 /* Resources */ = {
			isa = PBXResourcesBuildPhase;
			buildActionMask = 2147483647;
			files = (
			);
			runOnlyForDeploymentPostprocessing = 0;
		};
/* End PBXResourcesBuildPhase section */

/* Begin PBXSourcesBuildPhase section */
		343DB4C819FEA10000D8B506 /* Sources */ = {
			isa = PBXSourcesBuildPhase;
			buildActionMask = 2147483647;
			files = (
				343DB4D819FEA10000D8B506 /* PersonViewController.m in Sources */,
				343DB4D519FEA10000D8B506 /* AppDelegate.m in Sources */,
				343DB4D219FEA10000D8B506 /* main.m in Sources */,
			);
			runOnlyForDeploymentPostprocessing = 0;
		};
		343DB4E119FEA10000D8B506 /* Sources */ = {
			isa = PBXSourcesBuildPhase;
			buildActionMask = 2147483647;
			files = (
				343DB4EC19FEA10000D8B506 /* ParseExampleTests.m in Sources */,
			);
			runOnlyForDeploymentPostprocessing = 0;
		};
/* End PBXSourcesBuildPhase section */

/* Begin PBXTargetDependency section */
		343DB4E719FEA10000D8B506 /* PBXTargetDependency */ = {
			isa = PBXTargetDependency;
			target = 343DB4CB19FEA10000D8B506 /* ParseExample */;
			targetProxy = 343DB4E619FEA10000D8B506 /* PBXContainerItemProxy */;
		};
/* End PBXTargetDependency section */

/* Begin PBXVariantGroup section */
		343DB4D919FEA10000D8B506 /* Main.storyboard */ = {
			isa = PBXVariantGroup;
			children = (
				343DB4DA19FEA10000D8B506 /* Base */,
			);
			name = Main.storyboard;
			sourceTree = "<group>";
		};
		343DB4DE19FEA10000D8B506 /* LaunchScreen.xib */ = {
			isa = PBXVariantGroup;
			children = (
				343DB4DF19FEA10000D8B506 /* Base */,
			);
			name = LaunchScreen.xib;
			sourceTree = "<group>";
		};
/* End PBXVariantGroup section */

/* Begin XCBuildConfiguration section */
		343DB4ED19FEA10000D8B506 /* Debug */ = {
			isa = XCBuildConfiguration;
			buildSettings = {
				ALWAYS_SEARCH_USER_PATHS = NO;
				CLANG_CXX_LANGUAGE_STANDARD = "gnu++0x";
				CLANG_CXX_LIBRARY = "libc++";
				CLANG_ENABLE_MODULES = YES;
				CLANG_ENABLE_OBJC_ARC = YES;
				CLANG_WARN_BOOL_CONVERSION = YES;
				CLANG_WARN_CONSTANT_CONVERSION = YES;
				CLANG_WARN_DIRECT_OBJC_ISA_USAGE = YES_ERROR;
				CLANG_WARN_EMPTY_BODY = YES;
				CLANG_WARN_ENUM_CONVERSION = YES;
				CLANG_WARN_INT_CONVERSION = YES;
				CLANG_WARN_OBJC_ROOT_CLASS = YES_ERROR;
				CLANG_WARN_UNREACHABLE_CODE = YES;
				CLANG_WARN__DUPLICATE_METHOD_MATCH = YES;
				"CODE_SIGN_IDENTITY[sdk=iphoneos*]" = "iPhone Developer";
				COPY_PHASE_STRIP = NO;
				ENABLE_STRICT_OBJC_MSGSEND = YES;
				GCC_C_LANGUAGE_STANDARD = gnu99;
				GCC_DYNAMIC_NO_PIC = NO;
				GCC_OPTIMIZATION_LEVEL = 0;
				GCC_PREPROCESSOR_DEFINITIONS = (
					"DEBUG=1",
					"$(inherited)",
				);
				GCC_SYMBOLS_PRIVATE_EXTERN = NO;
				GCC_WARN_64_TO_32_BIT_CONVERSION = YES;
				GCC_WARN_ABOUT_RETURN_TYPE = YES_ERROR;
				GCC_WARN_UNDECLARED_SELECTOR = YES;
				GCC_WARN_UNINITIALIZED_AUTOS = YES_AGGRESSIVE;
				GCC_WARN_UNUSED_FUNCTION = YES;
				GCC_WARN_UNUSED_VARIABLE = YES;
				IPHONEOS_DEPLOYMENT_TARGET = 8.1;
				MTL_ENABLE_DEBUG_INFO = YES;
				ONLY_ACTIVE_ARCH = YES;
				SDKROOT = iphoneos;
			};
			name = Debug;
		};
		343DB4EE19FEA10000D8B506 /* Release */ = {
			isa = XCBuildConfiguration;
			buildSettings = {
				ALWAYS_SEARCH_USER_PATHS = NO;
				CLANG_CXX_LANGUAGE_STANDARD = "gnu++0x";
				CLANG_CXX_LIBRARY = "libc++";
				CLANG_ENABLE_MODULES = YES;
				CLANG_ENABLE_OBJC_ARC = YES;
				CLANG_WARN_BOOL_CONVERSION = YES;
				CLANG_WARN_CONSTANT_CONVERSION = YES;
				CLANG_WARN_DIRECT_OBJC_ISA_USAGE = YES_ERROR;
				CLANG_WARN_EMPTY_BODY = YES;
				CLANG_WARN_ENUM_CONVERSION = YES;
				CLANG_WARN_INT_CONVERSION = YES;
				CLANG_WARN_OBJC_ROOT_CLASS = YES_ERROR;
				CLANG_WARN_UNREACHABLE_CODE = YES;
				CLANG_WARN__DUPLICATE_METHOD_MATCH = YES;
				"CODE_SIGN_IDENTITY[sdk=iphoneos*]" = "iPhone Developer";
				COPY_PHASE_STRIP = YES;
				ENABLE_NS_ASSERTIONS = NO;
				ENABLE_STRICT_OBJC_MSGSEND = YES;
				GCC_C_LANGUAGE_STANDARD = gnu99;
				GCC_WARN_64_TO_32_BIT_CONVERSION = YES;
				GCC_WARN_ABOUT_RETURN_TYPE = YES_ERROR;
				GCC_WARN_UNDECLARED_SELECTOR = YES;
				GCC_WARN_UNINITIALIZED_AUTOS = YES_AGGRESSIVE;
				GCC_WARN_UNUSED_FUNCTION = YES;
				GCC_WARN_UNUSED_VARIABLE = YES;
				IPHONEOS_DEPLOYMENT_TARGET = 8.1;
				MTL_ENABLE_DEBUG_INFO = NO;
				SDKROOT = iphoneos;
				VALIDATE_PRODUCT = YES;
			};
			name = Release;
		};
		343DB4F019FEA10000D8B506 /* Debug */ = {
			isa = XCBuildConfiguration;
			buildSettings = {
				ASSETCATALOG_COMPILER_APPICON_NAME = AppIcon;
				FRAMEWORK_SEARCH_PATHS = (
					"$(inherited)",
					"$(PROJECT_DIR)/ParseExample",
				);
				INFOPLIST_FILE = ParseExample/Info.plist;
				LD_RUNPATH_SEARCH_PATHS = "$(inherited) @executable_path/Frameworks";
				PRODUCT_NAME = "$(TARGET_NAME)";
			};
			name = Debug;
		};
		343DB4F119FEA10000D8B506 /* Release */ = {
			isa = XCBuildConfiguration;
			buildSettings = {
				ASSETCATALOG_COMPILER_APPICON_NAME = AppIcon;
				FRAMEWORK_SEARCH_PATHS = (
					"$(inherited)",
					"$(PROJECT_DIR)/ParseExample",
				);
				INFOPLIST_FILE = ParseExample/Info.plist;
				LD_RUNPATH_SEARCH_PATHS = "$(inherited) @executable_path/Frameworks";
				PRODUCT_NAME = "$(TARGET_NAME)";
			};
			name = Release;
		};
		343DB4F319FEA10000D8B506 /* Debug */ = {
			isa = XCBuildConfiguration;
			buildSettings = {
				BUNDLE_LOADER = "$(TEST_HOST)";
				FRAMEWORK_SEARCH_PATHS = (
					"$(SDKROOT)/Developer/Library/Frameworks",
					"$(inherited)",
				);
				GCC_PREPROCESSOR_DEFINITIONS = (
					"DEBUG=1",
					"$(inherited)",
				);
				INFOPLIST_FILE = ParseExampleTests/Info.plist;
				LD_RUNPATH_SEARCH_PATHS = "$(inherited) @executable_path/Frameworks @loader_path/Frameworks";
				PRODUCT_NAME = "$(TARGET_NAME)";
				TEST_HOST = "$(BUILT_PRODUCTS_DIR)/ParseExample.app/ParseExample";
			};
			name = Debug;
		};
		343DB4F419FEA10000D8B506 /* Release */ = {
			isa = XCBuildConfiguration;
			buildSettings = {
				BUNDLE_LOADER = "$(TEST_HOST)";
				FRAMEWORK_SEARCH_PATHS = (
					"$(SDKROOT)/Developer/Library/Frameworks",
					"$(inherited)",
				);
				INFOPLIST_FILE = ParseExampleTests/Info.plist;
				LD_RUNPATH_SEARCH_PATHS = "$(inherited) @executable_path/Frameworks @loader_path/Frameworks";
				PRODUCT_NAME = "$(TARGET_NAME)";
				TEST_HOST = "$(BUILT_PRODUCTS_DIR)/ParseExample.app/ParseExample";
			};
			name = Release;
		};
/* End XCBuildConfiguration section */

/* Begin XCConfigurationList section */
		343DB4C719FEA10000D8B506 /* Build configuration list for PBXProject "ParseExample" */ = {
			isa = XCConfigurationList;
			buildConfigurations = (
				343DB4ED19FEA10000D8B506 /* Debug */,
				343DB4EE19FEA10000D8B506 /* Release */,
			);
			defaultConfigurationIsVisible = 0;
			defaultConfigurationName = Release;
		};
		343DB4EF19FEA10000D8B506 /* Build configuration list for PBXNativeTarget "ParseExample" */ = {
			isa = XCConfigurationList;
			buildConfigurations = (
				343DB4F019FEA10000D8B506 /* Debug */,
				343DB4F119FEA10000D8B506 /* Release */,
			);
			defaultConfigurationIsVisible = 0;
		};
		343DB4F219FEA10000D8B506 /* Build configuration list for PBXNativeTarget "ParseExampleTests" */ = {
			isa = XCConfigurationList;
			buildConfigurations = (
				343DB4F319FEA10000D8B506 /* Debug */,
				343DB4F419FEA10000D8B506 /* Release */,
			);
			defaultConfigurationIsVisible = 0;
		};
/* End XCConfigurationList section */
	};
	rootObject = 343DB4C419FEA10000D8B506 /* Project object */;
}
